
Microsoft Visual Studio Solution File, Format Version 12.00
# Visual Studio Version 17
VisualStudioVersion = 17.1.32421.90
MinimumVisualStudioVersion = 10.0.40219.1
Project("{FAE04EC0-301F-11D3-BF4B-00C04F79EFBC}") = "Lab1_1", "Lab1_1.csproj", "{ABE8484D-F07B-4DE4-92B1-88789619ACE0}"
EndProject
Project("{FAE04EC0-301F-11D3-BF4B-00C04F79EFBC}") = "UnitTest", "..\UnitTest\UnitTest.csproj", "{5E06E645-A4A5-4195-ADDE-B15445896888}"
EndProject
Global
	GlobalSection(SolutionConfigurationPlatforms) = preSolution
		Debug|Any CPU = Debug|Any CPU
		Release|Any CPU = Release|Any CPU
	EndGlobalSection
	GlobalSection(ProjectConfigurationPlatforms) = postSolution
		{ABE8484D-F07B-4DE4-92B1-88789619ACE0}.Debug|Any CPU.ActiveCfg = Debug|Any CPU
		{ABE8484D-F07B-4DE4-92B1-88789619ACE0}.Debug|Any CPU.Build.0 = Debug|Any CPU
		{ABE8484D-F07B-4DE4-92B1-88789619ACE0}.Release|Any CPU.ActiveCfg = Release|Any CPU
		{ABE8484D-F07B-4DE4-92B1-88789619ACE0}.Release|Any CPU.Build.0 = Release|Any CPU
		{5E06E645-A4A5-4195-ADDE-B15445896888}.Debug|Any CPU.ActiveCfg = Debug|Any CPU
		{5E06E645-A4A5-4195-ADDE-B15445896888}.Debug|Any CPU.Build.0 = Debug|Any CPU
		{5E06E645-A4A5-4195-ADDE-B15445896888}.Release|Any CPU.ActiveCfg = Release|Any CPU
		{5E06E645-A4A5-4195-ADDE-B15445896888}.Release|Any CPU.Build.0 = Release|Any CPU
	EndGlobalSection
	GlobalSection(SolutionProperties) = preSolution
		HideSolutionNode = FALSE
	EndGlobalSection
	GlobalSection(ExtensibilityGlobals) = postSolution
		SolutionGuid = {85D7E234-A22E-44B0-B8EC-970CAA1642BD}
	EndGlobalSection
EndGlobal
