
Microsoft Visual Studio Solution File, Format Version 12.00
# Visual Studio Version 17
VisualStudioVersion = 17.1.32421.90
MinimumVisualStudioVersion = 10.0.40219.1
Project("{9A19103F-16F7-4668-BE54-9A1E7A4F7556}") = "repository", "repository.csproj", "{126A38B5-9DF3-46B4-9F37-949C53D6818D}"
EndProject
Project("{9A19103F-16F7-4668-BE54-9A1E7A4F7556}") = "Lab1_1", "..\Lab1_1\Lab1_1.csproj", "{333BF69F-6F97-4626-9F2E-DD2D7DFE7395}"
EndProject
Project("{FAE04EC0-301F-11D3-BF4B-00C04F79EFBC}") = "RepositoryTest", "..\RepositoryTest\RepositoryTest.csproj", "{7BDB59C4-70FD-41F9-B91F-0F53ABB5FC07}"
EndProject
Global
	GlobalSection(SolutionConfigurationPlatforms) = preSolution
		Debug|Any CPU = Debug|Any CPU
		Release|Any CPU = Release|Any CPU
	EndGlobalSection
	GlobalSection(ProjectConfigurationPlatforms) = postSolution
		{126A38B5-9DF3-46B4-9F37-949C53D6818D}.Debug|Any CPU.ActiveCfg = Debug|Any CPU
		{126A38B5-9DF3-46B4-9F37-949C53D6818D}.Debug|Any CPU.Build.0 = Debug|Any CPU
		{126A38B5-9DF3-46B4-9F37-949C53D6818D}.Release|Any CPU.ActiveCfg = Release|Any CPU
		{126A38B5-9DF3-46B4-9F37-949C53D6818D}.Release|Any CPU.Build.0 = Release|Any CPU
		{333BF69F-6F97-4626-9F2E-DD2D7DFE7395}.Debug|Any CPU.ActiveCfg = Debug|Any CPU
		{333BF69F-6F97-4626-9F2E-DD2D7DFE7395}.Debug|Any CPU.Build.0 = Debug|Any CPU
		{333BF69F-6F97-4626-9F2E-DD2D7DFE7395}.Release|Any CPU.ActiveCfg = Release|Any CPU
		{333BF69F-6F97-4626-9F2E-DD2D7DFE7395}.Release|Any CPU.Build.0 = Release|Any CPU
		{7BDB59C4-70FD-41F9-B91F-0F53ABB5FC07}.Debug|Any CPU.ActiveCfg = Debug|Any CPU
		{7BDB59C4-70FD-41F9-B91F-0F53ABB5FC07}.Debug|Any CPU.Build.0 = Debug|Any CPU
		{7BDB59C4-70FD-41F9-B91F-0F53ABB5FC07}.Release|Any CPU.ActiveCfg = Release|Any CPU
		{7BDB59C4-70FD-41F9-B91F-0F53ABB5FC07}.Release|Any CPU.Build.0 = Release|Any CPU
	EndGlobalSection
	GlobalSection(SolutionProperties) = preSolution
		HideSolutionNode = FALSE
	EndGlobalSection
	GlobalSection(ExtensibilityGlobals) = postSolution
		SolutionGuid = {22F745E9-5116-427B-BFEA-D55F75CD2CB5}
	EndGlobalSection
EndGlobal
